
Microsoft Visual Studio Solution File, Format Version 12.00
Project("{FAE04EC0-301F-11D3-BF4B-00C04F79EFBC}") = "Test", "src\Test\Test.csproj", "{0CEFE5B5-3BFE-4F92-973D-D3AC60BCCC83}"
EndProject
Global
	GlobalSection(SolutionConfigurationPlatforms) = preSolution
		Debug|Any CPU = Debug|Any CPU
		Release|Any CPU = Release|Any CPU
	EndGlobalSection
	GlobalSection(ProjectConfigurationPlatforms) = postSolution
		{0CEFE5B5-3BFE-4F92-973D-D3AC60BCCC83}.Debug|Any CPU.ActiveCfg = Debug|Any CPU
		{0CEFE5B5-3BFE-4F92-973D-D3AC60BCCC83}.Debug|Any CPU.Build.0 = Debug|Any CPU
		{0CEFE5B5-3BFE-4F92-973D-D3AC60BCCC83}.Release|Any CPU.ActiveCfg = Release|Any CPU
		{0CEFE5B5-3BFE-4F92-973D-D3AC60BCCC83}.Release|Any CPU.Build.0 = Release|Any CPU
	EndGlobalSection
EndGlobal
